
Microsoft Visual Studio Solution File, Format Version 12.00
# Visual Studio Version 16
VisualStudioVersion = 16.0.29926.136
MinimumVisualStudioVersion = 10.0.40219.1
Project("{FAE04EC0-301F-11D3-BF4B-00C04F79EFBC}") = "SMART_REST", "SMART_REST\SMART_REST.csproj", "{D12F6D87-8908-4194-9A32-323A538BCFB5}"
EndProject
Global
	GlobalSection(SolutionConfigurationPlatforms) = preSolution
		Debug|Any CPU = Debug|Any CPU
		Release|Any CPU = Release|Any CPU
	EndGlobalSection
	GlobalSection(ProjectConfigurationPlatforms) = postSolution
		{D12F6D87-8908-4194-9A32-323A538BCFB5}.Debug|Any CPU.ActiveCfg = Debug|Any CPU
		{D12F6D87-8908-4194-9A32-323A538BCFB5}.Debug|Any CPU.Build.0 = Debug|Any CPU
		{D12F6D87-8908-4194-9A32-323A538BCFB5}.Release|Any CPU.ActiveCfg = Release|Any CPU
		{D12F6D87-8908-4194-9A32-323A538BCFB5}.Release|Any CPU.Build.0 = Release|Any CPU
	EndGlobalSection
	GlobalSection(SolutionProperties) = preSolution
		HideSolutionNode = FALSE
	EndGlobalSection
	GlobalSection(ExtensibilityGlobals) = postSolution
		SolutionGuid = {6EE834AE-C33C-4E4A-A93C-FB9D464064FA}
	EndGlobalSection
EndGlobal
